
Microsoft Visual Studio Solution File, Format Version 12.00
# Visual Studio Version 16
VisualStudioVersion = 16.0.31613.86
MinimumVisualStudioVersion = 10.0.40219.1
Project("{FAE04EC0-301F-11D3-BF4B-00C04F79EFBC}") = "NotizApp", "NotizApp\NotizApp.csproj", "{FB7AA3DF-4286-4A25-876A-9E0E32AECC86}"
EndProject
Global
	GlobalSection(SolutionConfigurationPlatforms) = preSolution
		Debug|Any CPU = Debug|Any CPU
		Release|Any CPU = Release|Any CPU
	EndGlobalSection
	GlobalSection(ProjectConfigurationPlatforms) = postSolution
		{FB7AA3DF-4286-4A25-876A-9E0E32AECC86}.Debug|Any CPU.ActiveCfg = Debug|Any CPU
		{FB7AA3DF-4286-4A25-876A-9E0E32AECC86}.Debug|Any CPU.Build.0 = Debug|Any CPU
		{FB7AA3DF-4286-4A25-876A-9E0E32AECC86}.Release|Any CPU.ActiveCfg = Release|Any CPU
		{FB7AA3DF-4286-4A25-876A-9E0E32AECC86}.Release|Any CPU.Build.0 = Release|Any CPU
	EndGlobalSection
	GlobalSection(SolutionProperties) = preSolution
		HideSolutionNode = FALSE
	EndGlobalSection
	GlobalSection(ExtensibilityGlobals) = postSolution
		SolutionGuid = {8228F44B-B3A8-4078-9639-07CB1AE4B443}
	EndGlobalSection
EndGlobal
